
Microsoft Visual Studio Solution File, Format Version 12.00
# Visual Studio Version 16
VisualStudioVersion = 16.0.30907.101
MinimumVisualStudioVersion = 10.0.40219.1
Project("{FAE04EC0-301F-11D3-BF4B-00C04F79EFBC}") = "rhombus", "rhombus\rhombus.csproj", "{F38E1740-24C0-4A5D-9839-B7AE91B704E4}"
EndProject
Global
	GlobalSection(SolutionConfigurationPlatforms) = preSolution
		Debug|Any CPU = Debug|Any CPU
		Release|Any CPU = Release|Any CPU
	EndGlobalSection
	GlobalSection(ProjectConfigurationPlatforms) = postSolution
		{F38E1740-24C0-4A5D-9839-B7AE91B704E4}.Debug|Any CPU.ActiveCfg = Debug|Any CPU
		{F38E1740-24C0-4A5D-9839-B7AE91B704E4}.Debug|Any CPU.Build.0 = Debug|Any CPU
		{F38E1740-24C0-4A5D-9839-B7AE91B704E4}.Release|Any CPU.ActiveCfg = Release|Any CPU
		{F38E1740-24C0-4A5D-9839-B7AE91B704E4}.Release|Any CPU.Build.0 = Release|Any CPU
	EndGlobalSection
	GlobalSection(SolutionProperties) = preSolution
		HideSolutionNode = FALSE
	EndGlobalSection
	GlobalSection(ExtensibilityGlobals) = postSolution
		SolutionGuid = {99FFBBF8-F3A5-4788-A76C-F7F19B450552}
	EndGlobalSection
EndGlobal
