
Microsoft Visual Studio Solution File, Format Version 12.00
# Visual Studio Version 16
VisualStudioVersion = 16.0.30907.101
MinimumVisualStudioVersion = 10.0.40219.1
Project("{FAE04EC0-301F-11D3-BF4B-00C04F79EFBC}") = "Pifagor", "Pifagor\Pifagor.csproj", "{433DDE2D-BC72-4719-9303-003E1BECD3FA}"
EndProject
Global
	GlobalSection(SolutionConfigurationPlatforms) = preSolution
		Debug|Any CPU = Debug|Any CPU
		Release|Any CPU = Release|Any CPU
	EndGlobalSection
	GlobalSection(ProjectConfigurationPlatforms) = postSolution
		{433DDE2D-BC72-4719-9303-003E1BECD3FA}.Debug|Any CPU.ActiveCfg = Debug|Any CPU
		{433DDE2D-BC72-4719-9303-003E1BECD3FA}.Debug|Any CPU.Build.0 = Debug|Any CPU
		{433DDE2D-BC72-4719-9303-003E1BECD3FA}.Release|Any CPU.ActiveCfg = Release|Any CPU
		{433DDE2D-BC72-4719-9303-003E1BECD3FA}.Release|Any CPU.Build.0 = Release|Any CPU
	EndGlobalSection
	GlobalSection(SolutionProperties) = preSolution
		HideSolutionNode = FALSE
	EndGlobalSection
	GlobalSection(ExtensibilityGlobals) = postSolution
		SolutionGuid = {6EE16FB5-2B0C-41A9-87B0-92C18E4E31EF}
	EndGlobalSection
EndGlobal
